<Solution>
  <Folder Name="/main/">
    <Project Path="main/A1Test/A1Test.csproj" />
    <Project Path="main/B1Test/B1Test.csproj" />
    <Project Path="main/C1Test/C1Test.csproj" />
    <Project Path="main/C2Test/C2Test.csproj" />
  </Folder>
  <Folder Name="/src/">
    <Project Path="src/ServiceApi/ServiceApi.csproj" />
  </Folder>
</Solution>
